// !$*UTF8*$!
{
	archiveVersion = 1;
	classes = {
	};
	objectVersion = 77;
	objects = {

/* Begin PBXBuildFile section */
		E9A808932DE0086F00AAA0C1 /* EstimoteUWB.xcframework in Frameworks */ = {isa = PBXBuildFile; fileRef = E9A808902DE0085600AAA0C1 /* EstimoteUWB.xcframework */; };
		E9A808942DE0086F00AAA0C1 /* EstimoteUWB.xcframework in Embed Frameworks */ = {isa = PBXBuildFile; fileRef = E9A808902DE0085600AAA0C1 /* EstimoteUWB.xcframework */; settings = {ATTRIBUTES = (CodeSignOnCopy, RemoveHeadersOnCopy, ); }; };
		E9A809062DE5A44500AAA0C1 /* README.md in Resources */ = {isa = PBXBuildFile; fileRef = E9A809052DE5A43E00AAA0C1 /* README.md */; };
		E9A8099D2DE5A8F400AAA0C1 /* EstimoteUWB.xcframework in Frameworks */ = {isa = PBXBuildFile; fileRef = E9A808902DE0085600AAA0C1 /* EstimoteUWB.xcframework */; };
		E9A8099E2DE5A8F400AAA0C1 /* EstimoteUWB.xcframework in Embed Frameworks */ = {isa = PBXBuildFile; fileRef = E9A808902DE0085600AAA0C1 /* EstimoteUWB.xcframework */; settings = {ATTRIBUTES = (CodeSignOnCopy, RemoveHeadersOnCopy, ); }; };
/* End PBXBuildFile section */

/* Begin PBXCopyFilesBuildPhase section */
		E9127FE32DC1748C003BE04A /* Embed Frameworks */ = {
			isa = PBXCopyFilesBuildPhase;
			buildActionMask = 2147483647;
			dstPath = "";
			dstSubfolderSpec = 10;
			files = (
				E9A8099E2DE5A8F400AAA0C1 /* EstimoteUWB.xcframework in Embed Frameworks */,
			);
			name = "Embed Frameworks";
			runOnlyForDeploymentPostprocessing = 0;
		};
		E9A808952DE0086F00AAA0C1 /* Embed Frameworks */ = {
			isa = PBXCopyFilesBuildPhase;
			buildActionMask = 2147483647;
			dstPath = "";
			dstSubfolderSpec = 10;
			files = (
				E9A808942DE0086F00AAA0C1 /* EstimoteUWB.xcframework in Embed Frameworks */,
			);
			name = "Embed Frameworks";
			runOnlyForDeploymentPostprocessing = 0;
		};
/* End PBXCopyFilesBuildPhase section */

/* Begin PBXFileReference section */
		E90A662E2DC1F7220066DD8F /* UWBTestApp.app */ = {isa = PBXFileReference; explicitFileType = wrapper.application; includeInIndex = 0; path = UWBTestApp.app; sourceTree = BUILT_PRODUCTS_DIR; };
		E92337F12DBEC7C100FE504E /* UWBplugin.framework */ = {isa = PBXFileReference; explicitFileType = wrapper.framework; includeInIndex = 0; path = UWBplugin.framework; sourceTree = BUILT_PRODUCTS_DIR; };
		E9A808902DE0085600AAA0C1 /* EstimoteUWB.xcframework */ = {isa = PBXFileReference; lastKnownFileType = wrapper.xcframework; path = EstimoteUWB.xcframework; sourceTree = "<group>"; };
		E9A809052DE5A43E00AAA0C1 /* README.md */ = {isa = PBXFileReference; lastKnownFileType = net.daringfireball.markdown; path = README.md; sourceTree = "<group>"; };
/* End PBXFileReference section */

/* Begin PBXFileSystemSynchronizedBuildFileExceptionSet section */
		E90A66512DC25F660066DD8F /* Exceptions for "UWBTestApp" folder in "UWBTestApp" target */ = {
			isa = PBXFileSystemSynchronizedBuildFileExceptionSet;
			membershipExceptions = (
				Info.plist,
				Maps/vrClassroom.json,
			);
			target = E90A662D2DC1F7220066DD8F /* UWBTestApp */;
		};
		E92337F62DBEC7C100FE504E /* Exceptions for "UWBplugin" folder in "UWBplugin" target */ = {
			isa = PBXFileSystemSynchronizedBuildFileExceptionSet;
			publicHeaders = (
				UWBplugin.h,
			);
			target = E92337F02DBEC7C100FE504E /* UWBplugin */;
		};
/* End PBXFileSystemSynchronizedBuildFileExceptionSet section */

/* Begin PBXFileSystemSynchronizedGroupBuildPhaseMembershipExceptionSet section */
		E94F16192DFA26DA00388D7E /* Exceptions for "UWBTestApp" folder in "Compile Sources" phase from "UWBTestApp" target */ = {
			isa = PBXFileSystemSynchronizedGroupBuildPhaseMembershipExceptionSet;
			buildPhase = E90A662A2DC1F7220066DD8F /* Sources */;
			membershipExceptions = (
				Maps/vrClassroom.json,
			);
		};
		E9A809A22DE6B89100AAA0C1 /* Exceptions for "UWBTestApp" folder in "Compile Sources" phase from "UWBplugin" target */ = {
			isa = PBXFileSystemSynchronizedGroupBuildPhaseMembershipExceptionSet;
			buildPhase = E92337ED2DBEC7C100FE504E /* Sources */;
			membershipExceptions = (
				Maps/campusTest.json,
			);
		};
/* End PBXFileSystemSynchronizedGroupBuildPhaseMembershipExceptionSet section */

/* Begin PBXFileSystemSynchronizedRootGroup section */
		E90A662F2DC1F7220066DD8F /* UWBTestApp */ = {
			isa = PBXFileSystemSynchronizedRootGroup;
			exceptions = (
				E9A809A22DE6B89100AAA0C1 /* Exceptions for "UWBTestApp" folder in "Compile Sources" phase from "UWBplugin" target */,
				E90A66512DC25F660066DD8F /* Exceptions for "UWBTestApp" folder in "UWBTestApp" target */,
				E94F16192DFA26DA00388D7E /* Exceptions for "UWBTestApp" folder in "Compile Sources" phase from "UWBTestApp" target */,
			);
			path = UWBTestApp;
			sourceTree = "<group>";
		};
		E92337F32DBEC7C100FE504E /* UWBplugin */ = {
			isa = PBXFileSystemSynchronizedRootGroup;
			exceptions = (
				E92337F62DBEC7C100FE504E /* Exceptions for "UWBplugin" folder in "UWBplugin" target */,
			);
			path = UWBplugin;
			sourceTree = "<group>";
		};
/* End PBXFileSystemSynchronizedRootGroup section */

/* Begin PBXFrameworksBuildPhase section */
		E90A662B2DC1F7220066DD8F /* Frameworks */ = {
			isa = PBXFrameworksBuildPhase;
			buildActionMask = 2147483647;
			files = (
				E9A808932DE0086F00AAA0C1 /* EstimoteUWB.xcframework in Frameworks */,
			);
			runOnlyForDeploymentPostprocessing = 0;
		};
		E92337EE2DBEC7C100FE504E /* Frameworks */ = {
			isa = PBXFrameworksBuildPhase;
			buildActionMask = 2147483647;
			files = (
				E9A8099D2DE5A8F400AAA0C1 /* EstimoteUWB.xcframework in Frameworks */,
			);
			runOnlyForDeploymentPostprocessing = 0;
		};
/* End PBXFrameworksBuildPhase section */

/* Begin PBXGroup section */
		8E0EC30C56010DB91EF831F5 /* Frameworks */ = {
			isa = PBXGroup;
			children = (
				E9A808902DE0085600AAA0C1 /* EstimoteUWB.xcframework */,
			);
			name = Frameworks;
			sourceTree = "<group>";
		};
		E92337E72DBEC7C100FE504E = {
			isa = PBXGroup;
			children = (
				E92337F32DBEC7C100FE504E /* UWBplugin */,
				E90A662F2DC1F7220066DD8F /* UWBTestApp */,
				E92337F22DBEC7C100FE504E /* Products */,
				8E0EC30C56010DB91EF831F5 /* Frameworks */,
				E9A809052DE5A43E00AAA0C1 /* README.md */,
			);
			sourceTree = "<group>";
		};
		E92337F22DBEC7C100FE504E /* Products */ = {
			isa = PBXGroup;
			children = (
				E92337F12DBEC7C100FE504E /* UWBplugin.framework */,
				E90A662E2DC1F7220066DD8F /* UWBTestApp.app */,
			);
			name = Products;
			sourceTree = "<group>";
		};
/* End PBXGroup section */

/* Begin PBXHeadersBuildPhase section */
		E92337EC2DBEC7C100FE504E /* Headers */ = {
			isa = PBXHeadersBuildPhase;
			buildActionMask = 2147483647;
			files = (
			);
			runOnlyForDeploymentPostprocessing = 0;
		};
/* End PBXHeadersBuildPhase section */

/* Begin PBXNativeTarget section */
		E90A662D2DC1F7220066DD8F /* UWBTestApp */ = {
			isa = PBXNativeTarget;
			buildConfigurationList = E90A663B2DC1F7230066DD8F /* Build configuration list for PBXNativeTarget "UWBTestApp" */;
			buildPhases = (
				E90A662A2DC1F7220066DD8F /* Sources */,
				E90A662B2DC1F7220066DD8F /* Frameworks */,
				E90A662C2DC1F7220066DD8F /* Resources */,
				E9A808952DE0086F00AAA0C1 /* Embed Frameworks */,
			);
			buildRules = (
			);
			dependencies = (
			);
			fileSystemSynchronizedGroups = (
				E90A662F2DC1F7220066DD8F /* UWBTestApp */,
			);
			name = UWBTestApp;
			packageProductDependencies = (
			);
			productName = UWBTestApp;
			productReference = E90A662E2DC1F7220066DD8F /* UWBTestApp.app */;
			productType = "com.apple.product-type.application";
		};
		E92337F02DBEC7C100FE504E /* UWBplugin */ = {
			isa = PBXNativeTarget;
			buildConfigurationList = E92337F72DBEC7C100FE504E /* Build configuration list for PBXNativeTarget "UWBplugin" */;
			buildPhases = (
				E92337EC2DBEC7C100FE504E /* Headers */,
				E92337ED2DBEC7C100FE504E /* Sources */,
				E92337EE2DBEC7C100FE504E /* Frameworks */,
				E92337EF2DBEC7C100FE504E /* Resources */,
				E9127FE32DC1748C003BE04A /* Embed Frameworks */,
			);
			buildRules = (
			);
			dependencies = (
			);
			fileSystemSynchronizedGroups = (
				E92337F32DBEC7C100FE504E /* UWBplugin */,
			);
			name = UWBplugin;
			productName = UWBplugin;
			productReference = E92337F12DBEC7C100FE504E /* UWBplugin.framework */;
			productType = "com.apple.product-type.framework";
		};
/* End PBXNativeTarget section */

/* Begin PBXProject section */
		E92337E82DBEC7C100FE504E /* Project object */ = {
			isa = PBXProject;
			attributes = {
				BuildIndependentTargetsInParallel = 1;
				LastSwiftUpdateCheck = 1620;
				LastUpgradeCheck = 1620;
				TargetAttributes = {
					E90A662D2DC1F7220066DD8F = {
						CreatedOnToolsVersion = 16.2;
					};
					E92337F02DBEC7C100FE504E = {
						CreatedOnToolsVersion = 16.2;
						LastSwiftMigration = 1620;
					};
				};
			};
			buildConfigurationList = E92337EB2DBEC7C100FE504E /* Build configuration list for PBXProject "UWBplugin" */;
			developmentRegion = en;
			hasScannedForEncodings = 0;
			knownRegions = (
				en,
				Base,
			);
			mainGroup = E92337E72DBEC7C100FE504E;
			minimizedProjectReferenceProxies = 1;
			preferredProjectObjectVersion = 77;
			productRefGroup = E92337F22DBEC7C100FE504E /* Products */;
			projectDirPath = "";
			projectRoot = "";
			targets = (
				E92337F02DBEC7C100FE504E /* UWBplugin */,
				E90A662D2DC1F7220066DD8F /* UWBTestApp */,
			);
		};
/* End PBXProject section */

/* Begin PBXResourcesBuildPhase section */
		E90A662C2DC1F7220066DD8F /* Resources */ = {
			isa = PBXResourcesBuildPhase;
			buildActionMask = 2147483647;
			files = (
				E9A809062DE5A44500AAA0C1 /* README.md in Resources */,
			);
			runOnlyForDeploymentPostprocessing = 0;
		};
		E92337EF2DBEC7C100FE504E /* Resources */ = {
			isa = PBXResourcesBuildPhase;
			buildActionMask = 2147483647;
			files = (
			);
			runOnlyForDeploymentPostprocessing = 0;
		};
/* End PBXResourcesBuildPhase section */

/* Begin PBXSourcesBuildPhase section */
		E90A662A2DC1F7220066DD8F /* Sources */ = {
			isa = PBXSourcesBuildPhase;
			buildActionMask = 2147483647;
			files = (
			);
			runOnlyForDeploymentPostprocessing = 0;
		};
		E92337ED2DBEC7C100FE504E /* Sources */ = {
			isa = PBXSourcesBuildPhase;
			buildActionMask = 2147483647;
			files = (
			);
			runOnlyForDeploymentPostprocessing = 0;
		};
/* End PBXSourcesBuildPhase section */

/* Begin XCBuildConfiguration section */
		E90A66392DC1F7230066DD8F /* Debug */ = {
			isa = XCBuildConfiguration;
			buildSettings = {
				ASSETCATALOG_COMPILER_APPICON_NAME = AppIcon;
				ASSETCATALOG_COMPILER_GLOBAL_ACCENT_COLOR_NAME = AccentColor;
				CODE_SIGN_STYLE = Automatic;
				CURRENT_PROJECT_VERSION = 1;
				DEVELOPMENT_ASSET_PATHS = "\"UWBTestApp/Preview Content\"";
				DEVELOPMENT_TEAM = H9XPAYGRWN;
				ENABLE_PREVIEWS = YES;
				GENERATE_INFOPLIST_FILE = YES;
				"INFOPLIST_FILE[sdk=*]" = UWBTestApp/Info.plist;
				INFOPLIST_KEY_NSBluetoothAlwaysUsageDescription = "Turn on to allow \"Estimote UWB\" to connect to accessories.";
				INFOPLIST_KEY_NSCameraUsageDescription = "camera is utlizied for arkit to give user horizontal and vertical info";
				INFOPLIST_KEY_NSNearbyInteractionAllowOnceUsageDescription = "Turn on to allow \"Estimote UWB\" to connect to accessories.";
				INFOPLIST_KEY_NSNearbyInteractionUsageDescription = "Turn on to allow \"Estimote UWB\" to connect to accessories.";
				INFOPLIST_KEY_UIApplicationSceneManifest_Generation = YES;
				INFOPLIST_KEY_UIApplicationSupportsIndirectInputEvents = YES;
				INFOPLIST_KEY_UILaunchScreen_Generation = YES;
				INFOPLIST_KEY_UISupportedInterfaceOrientations_iPad = "UIInterfaceOrientationPortrait UIInterfaceOrientationPortraitUpsideDown UIInterfaceOrientationLandscapeLeft UIInterfaceOrientationLandscapeRight";
				INFOPLIST_KEY_UISupportedInterfaceOrientations_iPhone = "UIInterfaceOrientationPortrait UIInterfaceOrientationLandscapeLeft UIInterfaceOrientationLandscapeRight";
				LD_RUNPATH_SEARCH_PATHS = (
					"$(inherited)",
					"@executable_path/Frameworks",
				);
				MARKETING_VERSION = 1.0;
				OTHER_SWIFT_FLAGS = "-DACCELERATE_NEW_LAPACK";
				PRODUCT_BUNDLE_IDENTIFIER = UVG.UWBTestApp;
				PRODUCT_NAME = "$(TARGET_NAME)";
				SWIFT_EMIT_LOC_STRINGS = YES;
				SWIFT_VERSION = 5.0;
				TARGETED_DEVICE_FAMILY = "1,2";
			};
			name = Debug;
		};
		E90A663A2DC1F7230066DD8F /* Release */ = {
			isa = XCBuildConfiguration;
			buildSettings = {
				ASSETCATALOG_COMPILER_APPICON_NAME = AppIcon;
				ASSETCATALOG_COMPILER_GLOBAL_ACCENT_COLOR_NAME = AccentColor;
				CODE_SIGN_STYLE = Automatic;
				CURRENT_PROJECT_VERSION = 1;
				DEVELOPMENT_ASSET_PATHS = "\"UWBTestApp/Preview Content\"";
				DEVELOPMENT_TEAM = H9XPAYGRWN;
				ENABLE_PREVIEWS = YES;
				GENERATE_INFOPLIST_FILE = YES;
				"INFOPLIST_FILE[sdk=*]" = UWBTestApp/Info.plist;
				INFOPLIST_KEY_NSBluetoothAlwaysUsageDescription = "Turn on to allow \"Estimote UWB\" to connect to accessories.";
				INFOPLIST_KEY_NSCameraUsageDescription = "camera is utlizied for arkit to give user horizontal and vertical info";
				INFOPLIST_KEY_NSNearbyInteractionAllowOnceUsageDescription = "Turn on to allow \"Estimote UWB\" to connect to accessories.";
				INFOPLIST_KEY_NSNearbyInteractionUsageDescription = "Turn on to allow \"Estimote UWB\" to connect to accessories.";
				INFOPLIST_KEY_UIApplicationSceneManifest_Generation = YES;
				INFOPLIST_KEY_UIApplicationSupportsIndirectInputEvents = YES;
				INFOPLIST_KEY_UILaunchScreen_Generation = YES;
				INFOPLIST_KEY_UISupportedInterfaceOrientations_iPad = "UIInterfaceOrientationPortrait UIInterfaceOrientationPortraitUpsideDown UIInterfaceOrientationLandscapeLeft UIInterfaceOrientationLandscapeRight";
				INFOPLIST_KEY_UISupportedInterfaceOrientations_iPhone = "UIInterfaceOrientationPortrait UIInterfaceOrientationLandscapeLeft UIInterfaceOrientationLandscapeRight";
				LD_RUNPATH_SEARCH_PATHS = (
					"$(inherited)",
					"@executable_path/Frameworks",
				);
				MARKETING_VERSION = 1.0;
				OTHER_SWIFT_FLAGS = "-DACCELERATE_NEW_LAPACK";
				PRODUCT_BUNDLE_IDENTIFIER = UVG.UWBTestApp;
				PRODUCT_NAME = "$(TARGET_NAME)";
				SWIFT_EMIT_LOC_STRINGS = YES;
				SWIFT_VERSION = 5.0;
				TARGETED_DEVICE_FAMILY = "1,2";
			};
			name = Release;
		};
		E92337F82DBEC7C100FE504E /* Debug */ = {
			isa = XCBuildConfiguration;
			buildSettings = {
				BUILD_LIBRARY_FOR_DISTRIBUTION = YES;
				CLANG_ENABLE_MODULES = YES;
				CODE_SIGN_STYLE = Automatic;
				CURRENT_PROJECT_VERSION = 1;
				DEFINES_MODULE = YES;
				DEVELOPMENT_TEAM = H9XPAYGRWN;
				DYLIB_COMPATIBILITY_VERSION = 1;
				DYLIB_CURRENT_VERSION = 1;
				DYLIB_INSTALL_NAME_BASE = "@rpath";
				ENABLE_MODULE_VERIFIER = YES;
				GENERATE_INFOPLIST_FILE = YES;
				INFOPLIST_KEY_NSHumanReadableCopyright = "";
				INSTALL_PATH = "$(LOCAL_LIBRARY_DIR)/Frameworks";
				LD_RUNPATH_SEARCH_PATHS = (
					"$(inherited)",
					"@executable_path/Frameworks",
					"@loader_path/Frameworks",
				);
				MARKETING_VERSION = 1.0;
				MODULE_VERIFIER_SUPPORTED_LANGUAGES = "objective-c objective-c++";
				MODULE_VERIFIER_SUPPORTED_LANGUAGE_STANDARDS = "gnu17 gnu++20";
				OTHER_SWIFT_FLAGS = "-DACCELERATE_NEW_LAPACK";
				PRODUCT_BUNDLE_IDENTIFIER = UVG.UWBplugin;
				PRODUCT_NAME = "$(TARGET_NAME:c99extidentifier)";
				SKIP_INSTALL = YES;
				SWIFT_EMIT_LOC_STRINGS = YES;
				SWIFT_INSTALL_OBJC_HEADER = NO;
				SWIFT_OPTIMIZATION_LEVEL = "-Onone";
				SWIFT_VERSION = 4.2;
				TARGETED_DEVICE_FAMILY = "1,2";
			};
			name = Debug;
		};
		E92337F92DBEC7C100FE504E /* Release */ = {
			isa = XCBuildConfiguration;
			buildSettings = {
				BUILD_LIBRARY_FOR_DISTRIBUTION = YES;
				CLANG_ENABLE_MODULES = YES;
				CODE_SIGN_STYLE = Automatic;
				CURRENT_PROJECT_VERSION = 1;
				DEFINES_MODULE = YES;
				DEVELOPMENT_TEAM = H9XPAYGRWN;
				DYLIB_COMPATIBILITY_VERSION = 1;
				DYLIB_CURRENT_VERSION = 1;
				DYLIB_INSTALL_NAME_BASE = "@rpath";
				ENABLE_MODULE_VERIFIER = YES;
				GENERATE_INFOPLIST_FILE = YES;
				INFOPLIST_KEY_NSHumanReadableCopyright = "";
				INSTALL_PATH = "$(LOCAL_LIBRARY_DIR)/Frameworks";
				LD_RUNPATH_SEARCH_PATHS = (
					"$(inherited)",
					"@executable_path/Frameworks",
					"@loader_path/Frameworks",
				);
				MARKETING_VERSION = 1.0;
				MODULE_VERIFIER_SUPPORTED_LANGUAGES = "objective-c objective-c++";
				MODULE_VERIFIER_SUPPORTED_LANGUAGE_STANDARDS = "gnu17 gnu++20";
				OTHER_SWIFT_FLAGS = "-DACCELERATE_NEW_LAPACK";
				PRODUCT_BUNDLE_IDENTIFIER = UVG.UWBplugin;
				PRODUCT_NAME = "$(TARGET_NAME:c99extidentifier)";
				SKIP_INSTALL = YES;
				SWIFT_EMIT_LOC_STRINGS = YES;
				SWIFT_INSTALL_OBJC_HEADER = NO;
				SWIFT_VERSION = 4.2;
				TARGETED_DEVICE_FAMILY = "1,2";
			};
			name = Release;
		};
		E92337FA2DBEC7C100FE504E /* Debug */ = {
			isa = XCBuildConfiguration;
			buildSettings = {
				ALWAYS_SEARCH_USER_PATHS = NO;
				ASSETCATALOG_COMPILER_GENERATE_SWIFT_ASSET_SYMBOL_EXTENSIONS = YES;
				CLANG_ANALYZER_NONNULL = YES;
				CLANG_ANALYZER_NUMBER_OBJECT_CONVERSION = YES_AGGRESSIVE;
				CLANG_CXX_LANGUAGE_STANDARD = "gnu++20";
				CLANG_ENABLE_MODULES = YES;
				CLANG_ENABLE_OBJC_ARC = YES;
				CLANG_ENABLE_OBJC_WEAK = YES;
				CLANG_WARN_BLOCK_CAPTURE_AUTORELEASING = YES;
				CLANG_WARN_BOOL_CONVERSION = YES;
				CLANG_WARN_COMMA = YES;
				CLANG_WARN_CONSTANT_CONVERSION = YES;
				CLANG_WARN_DEPRECATED_OBJC_IMPLEMENTATIONS = YES;
				CLANG_WARN_DIRECT_OBJC_ISA_USAGE = YES_ERROR;
				CLANG_WARN_DOCUMENTATION_COMMENTS = YES;
				CLANG_WARN_EMPTY_BODY = YES;
				CLANG_WARN_ENUM_CONVERSION = YES;
				CLANG_WARN_INFINITE_RECURSION = YES;
				CLANG_WARN_INT_CONVERSION = YES;
				CLANG_WARN_NON_LITERAL_NULL_CONVERSION = YES;
				CLANG_WARN_OBJC_IMPLICIT_RETAIN_SELF = YES;
				CLANG_WARN_OBJC_LITERAL_CONVERSION = YES;
				CLANG_WARN_OBJC_ROOT_CLASS = YES_ERROR;
				CLANG_WARN_QUOTED_INCLUDE_IN_FRAMEWORK_HEADER = YES;
				CLANG_WARN_RANGE_LOOP_ANALYSIS = YES;
				CLANG_WARN_STRICT_PROTOTYPES = YES;
				CLANG_WARN_SUSPICIOUS_MOVE = YES;
				CLANG_WARN_UNGUARDED_AVAILABILITY = YES_AGGRESSIVE;
				CLANG_WARN_UNREACHABLE_CODE = YES;
				CLANG_WARN__DUPLICATE_METHOD_MATCH = YES;
				COPY_PHASE_STRIP = NO;
				CURRENT_PROJECT_VERSION = 1;
				DEBUG_INFORMATION_FORMAT = dwarf;
				ENABLE_STRICT_OBJC_MSGSEND = YES;
				ENABLE_TESTABILITY = YES;
				ENABLE_USER_SCRIPT_SANDBOXING = YES;
				GCC_C_LANGUAGE_STANDARD = gnu17;
				GCC_DYNAMIC_NO_PIC = NO;
				GCC_NO_COMMON_BLOCKS = YES;
				GCC_OPTIMIZATION_LEVEL = 0;
				GCC_PREPROCESSOR_DEFINITIONS = (
					"DEBUG=1",
					"$(inherited)",
				);
				GCC_WARN_64_TO_32_BIT_CONVERSION = YES;
				GCC_WARN_ABOUT_RETURN_TYPE = YES_ERROR;
				GCC_WARN_UNDECLARED_SELECTOR = YES;
				GCC_WARN_UNINITIALIZED_AUTOS = YES_AGGRESSIVE;
				GCC_WARN_UNUSED_FUNCTION = YES;
				GCC_WARN_UNUSED_VARIABLE = YES;
				IPHONEOS_DEPLOYMENT_TARGET = 18.2;
				LOCALIZATION_PREFERS_STRING_CATALOGS = YES;
				MTL_ENABLE_DEBUG_INFO = INCLUDE_SOURCE;
				MTL_FAST_MATH = YES;
				ONLY_ACTIVE_ARCH = YES;
				SDKROOT = iphoneos;
				SWIFT_ACTIVE_COMPILATION_CONDITIONS = "DEBUG $(inherited)";
				SWIFT_OPTIMIZATION_LEVEL = "-Onone";
				VERSIONING_SYSTEM = "apple-generic";
				VERSION_INFO_PREFIX = "";
			};
			name = Debug;
		};
		E92337FB2DBEC7C100FE504E /* Release */ = {
			isa = XCBuildConfiguration;
			buildSettings = {
				ALWAYS_SEARCH_USER_PATHS = NO;
				ASSETCATALOG_COMPILER_GENERATE_SWIFT_ASSET_SYMBOL_EXTENSIONS = YES;
				CLANG_ANALYZER_NONNULL = YES;
				CLANG_ANALYZER_NUMBER_OBJECT_CONVERSION = YES_AGGRESSIVE;
				CLANG_CXX_LANGUAGE_STANDARD = "gnu++20";
				CLANG_ENABLE_MODULES = YES;
				CLANG_ENABLE_OBJC_ARC = YES;
				CLANG_ENABLE_OBJC_WEAK = YES;
				CLANG_WARN_BLOCK_CAPTURE_AUTORELEASING = YES;
				CLANG_WARN_BOOL_CONVERSION = YES;
				CLANG_WARN_COMMA = YES;
				CLANG_WARN_CONSTANT_CONVERSION = YES;
				CLANG_WARN_DEPRECATED_OBJC_IMPLEMENTATIONS = YES;
				CLANG_WARN_DIRECT_OBJC_ISA_USAGE = YES_ERROR;
				CLANG_WARN_DOCUMENTATION_COMMENTS = YES;
				CLANG_WARN_EMPTY_BODY = YES;
				CLANG_WARN_ENUM_CONVERSION = YES;
				CLANG_WARN_INFINITE_RECURSION = YES;
				CLANG_WARN_INT_CONVERSION = YES;
				CLANG_WARN_NON_LITERAL_NULL_CONVERSION = YES;
				CLANG_WARN_OBJC_IMPLICIT_RETAIN_SELF = YES;
				CLANG_WARN_OBJC_LITERAL_CONVERSION = YES;
				CLANG_WARN_OBJC_ROOT_CLASS = YES_ERROR;
				CLANG_WARN_QUOTED_INCLUDE_IN_FRAMEWORK_HEADER = YES;
				CLANG_WARN_RANGE_LOOP_ANALYSIS = YES;
				CLANG_WARN_STRICT_PROTOTYPES = YES;
				CLANG_WARN_SUSPICIOUS_MOVE = YES;
				CLANG_WARN_UNGUARDED_AVAILABILITY = YES_AGGRESSIVE;
				CLANG_WARN_UNREACHABLE_CODE = YES;
				CLANG_WARN__DUPLICATE_METHOD_MATCH = YES;
				COPY_PHASE_STRIP = NO;
				CURRENT_PROJECT_VERSION = 1;
				DEBUG_INFORMATION_FORMAT = "dwarf-with-dsym";
				ENABLE_NS_ASSERTIONS = NO;
				ENABLE_STRICT_OBJC_MSGSEND = YES;
				ENABLE_USER_SCRIPT_SANDBOXING = YES;
				GCC_C_LANGUAGE_STANDARD = gnu17;
				GCC_NO_COMMON_BLOCKS = YES;
				GCC_WARN_64_TO_32_BIT_CONVERSION = YES;
				GCC_WARN_ABOUT_RETURN_TYPE = YES_ERROR;
				GCC_WARN_UNDECLARED_SELECTOR = YES;
				GCC_WARN_UNINITIALIZED_AUTOS = YES_AGGRESSIVE;
				GCC_WARN_UNUSED_FUNCTION = YES;
				GCC_WARN_UNUSED_VARIABLE = YES;
				IPHONEOS_DEPLOYMENT_TARGET = 18.2;
				LOCALIZATION_PREFERS_STRING_CATALOGS = YES;
				MTL_ENABLE_DEBUG_INFO = NO;
				MTL_FAST_MATH = YES;
				SDKROOT = iphoneos;
				SWIFT_COMPILATION_MODE = wholemodule;
				VALIDATE_PRODUCT = YES;
				VERSIONING_SYSTEM = "apple-generic";
				VERSION_INFO_PREFIX = "";
			};
			name = Release;
		};
/* End XCBuildConfiguration section */

/* Begin XCConfigurationList section */
		E90A663B2DC1F7230066DD8F /* Build configuration list for PBXNativeTarget "UWBTestApp" */ = {
			isa = XCConfigurationList;
			buildConfigurations = (
				E90A66392DC1F7230066DD8F /* Debug */,
				E90A663A2DC1F7230066DD8F /* Release */,
			);
			defaultConfigurationIsVisible = 0;
			defaultConfigurationName = Release;
		};
		E92337EB2DBEC7C100FE504E /* Build configuration list for PBXProject "UWBplugin" */ = {
			isa = XCConfigurationList;
			buildConfigurations = (
				E92337FA2DBEC7C100FE504E /* Debug */,
				E92337FB2DBEC7C100FE504E /* Release */,
			);
			defaultConfigurationIsVisible = 0;
			defaultConfigurationName = Release;
		};
		E92337F72DBEC7C100FE504E /* Build configuration list for PBXNativeTarget "UWBplugin" */ = {
			isa = XCConfigurationList;
			buildConfigurations = (
				E92337F82DBEC7C100FE504E /* Debug */,
				E92337F92DBEC7C100FE504E /* Release */,
			);
			defaultConfigurationIsVisible = 0;
			defaultConfigurationName = Release;
		};
/* End XCConfigurationList section */
	};
	rootObject = E92337E82DBEC7C100FE504E /* Project object */;
}
